
Microsoft Visual Studio Solution File, Format Version 12.00
# Visual Studio Version 17
VisualStudioVersion = 17.4.33205.214
MinimumVisualStudioVersion = 10.0.40219.1
Project("{9A19103F-16F7-4668-BE54-9A1E7A4F7556}") = "TimeTableGenerator", "TimeTableGenerator.csproj", "{A6D4F65C-2942-4DA0-A71F-A14953E4F59A}"
EndProject
Global
	GlobalSection(SolutionConfigurationPlatforms) = preSolution
		Debug|Any CPU = Debug|Any CPU
		Release|Any CPU = Release|Any CPU
	EndGlobalSection
	GlobalSection(ProjectConfigurationPlatforms) = postSolution
		{A6D4F65C-2942-4DA0-A71F-A14953E4F59A}.Debug|Any CPU.ActiveCfg = Debug|Any CPU
		{A6D4F65C-2942-4DA0-A71F-A14953E4F59A}.Debug|Any CPU.Build.0 = Debug|Any CPU
		{A6D4F65C-2942-4DA0-A71F-A14953E4F59A}.Release|Any CPU.ActiveCfg = Release|Any CPU
		{A6D4F65C-2942-4DA0-A71F-A14953E4F59A}.Release|Any CPU.Build.0 = Release|Any CPU
	EndGlobalSection
	GlobalSection(SolutionProperties) = preSolution
		HideSolutionNode = FALSE
	EndGlobalSection
	GlobalSection(ExtensibilityGlobals) = postSolution
		SolutionGuid = {51D0B828-13E8-402F-B8E7-4E568BC41CA9}
	EndGlobalSection
EndGlobal
